github.com/BurntSushi/toml v0.3.1 h1:WXkYYl6Yr3qBf1K79EBnL4mak0OimBfB0XUf9Vl28OQ=
github.com/davecgh/go-spew v1.1.0/go.mod h1:J7Y8YcW2NihsgmVo/mv3lAwl/skON4iLHjSsI+c5H38=
github.com/davecgh/go-spew v1.1.1 h1:vj9j/u1bqnvCEfJOwUhtlOARqs3+rkHYY13jYWTU97c=
github.com/davecgh/go-spew v1.1.1/go.mod h1:J7Y8YcW2NihsgmVo/mv3lAwl/skON4iLHjSsI+c5H38=
github.com/go-sql-driver/mysql v1.6.0/go.mod h1:DCzpHaOWr8IXmIStZouvnhqoel9Qv2LBy8hT2VhHyBg=
github.com/go-sql-driver/mysql v1.7.0 h1:ueSltNNllEqE3qcWBTD0iQd3IpL/6U+mJxLkazJ7YPc=
github.com/go-sql-driver/mysql v1.7.0/go.mod h1:OXbVy3sEdcQ2Doequ6Z5BW6fXNQTmx+9S1MCJN5yJMI=
github.com/golang-sql/civil v0.0.0-20220223132316-b832511892a9 h1:au07oEsX2xN0ktxqI+Sida1w446QrXBRJ0nee3SNZlA=
github.com/golang-sql/sqlexp v0.1.0 h1:ZCD6MBpcuOVfGVqsEmY5/4FtYiKz6tSyUv9LPEDei6A=
github.com/golang/protobuf v1.5.3 h1:KhyjKVUg7Usr/dYsdSqoFveMYd5ko72D+zANwlG1mmg=
github.com/google/go-cmp v0.5.9 h1:O2Tfq5qg4qc4AmwVlvv0oLiVAGB7enBSJ2x2DqQFi38=
github.com/jackc/chunkreader/v2 v2.0.1 h1:i+RDz65UE+mmpjTfyz0MoVTnzeYxroil2G82ki7MGG8=
github.com/jackc/pgconn v1.13.0 h1:3L1XMNV2Zvca/8BYhzcRFS70Lr0WlDg16Di6SFGAbys=
github.com/jackc/pgio v1.0.0 h1:g12B9UwVnzGhueNavwioyEEpAmqMe1E/BN9ES+8ovkE=
github.com/jackc/pgpassfile v1.0.0 h1:/6Hmqy13Ss2zCq62VdNG8tM1wchn8zjSGOBJ6icpsIM=
github.com/jackc/pgproto3/v2 v2.3.1 h1:nwj7qwf0S+Q7ISFfBndqeLwSwxs+4DPsbRFjECT1Y4Y=
github.com/jackc/pgservicefile v0.0.0-20200714003250-2b9c44734f2b h1:C8S2+VttkHFdOOCXJe+YGfa4vHYwlt4Zx+IVXQ97jYg=
github.com/jackc/pgtype v1.12.0 h1:Dlq8Qvcch7kiehm8wPGIW0W3KsCCHJnRacKW0UM8n5w=
github.com/jackc/pgx/v4 v4.17.2 h1:0Ut0rpeKwvIVbMQ1KbMBU4h6wxehBI535LK6Flheh8E=
github.com/jinzhu/inflection v1.0.0 h1:K317FqzuhWc8YvSVlFMCCUb36O/S9MCKRDI7QkRKD/E=
github.com/jinzhu/inflection v1.0.0/go.mod h1:h+uFLlag+Qp1Va5pdKtLDYj+kHp5pxUVkryuEj+Srlc=
github.com/jinzhu/now v1.1.2/go.mod h1:d3SSVoowX0Lcu0IBviAWJpolVfI5UJVZZ7cO71lE/z8=
github.com/jinzhu/now v1.1.4/go.mod h1:d3SSVoowX0Lcu0IBviAWJpolVfI5UJVZZ7cO71lE/z8=
github.com/jinzhu/now v1.1.5 h1:/o9tlHleP7gOFmsnYNz3RGnqzefHA47wQpKrrdTIwXQ=
github.com/jinzhu/now v1.1.5/go.mod h1:d3SSVoowX0Lcu0IBviAWJpolVfI5UJVZZ7cO71lE/z8=
github.com/mattn/go-sqlite3 v1.14.8/go.mod h1:NyWgC/yNuGj7Q9rpYnZvas74GogHl5/Z4A/KQRfk6bU=
github.com/mattn/go-sqlite3 v1.14.16 h1:yOQRA0RpS5PFz/oikGwBEqvAWhWg5ufRz4ETLjwpU1Y=
github.com/mattn/go-sqlite3 v1.14.16/go.mod h1:2eHXhiwb8IkHr+BDWZGa96P6+rkvnG63S2DGjv9HUNg=
github.com/microsoft/go-mssqldb v0.17.0 h1:Fto83dMZPnYv1Zwx5vHHxpNraeEaUlQ/hhHLgZiaenE=
github.com/pkg/errors v0.9.1 h1:FEBLx1zS214owpjy7qsBeixbURkuhQAwrK5UwLGTwt4=
github.com/pmezard/go-difflib v1.0.0 h1:4DBwDE0NGyQoBHbLQYPwSUPoCMWR5BEzIk/f1lZbAQM=
github.com/pmezard/go-difflib v1.0.0/go.mod h1:iKH77koFhYxTK1pcRnkKkqfTogsbg7gZNVY4sRDYZ/4=
github.com/stretchr/objx v0.1.0/go.mod h1:HFkY916IF+rwdDfMAkV7OtwuqBVzrE8GR6GFx+wExME=
github.com/stretchr/testify v1.7.0/go.mod h1:6Fq8oRcR53rry900zMqJjRRixrwX3KX962/h/Wwjteg=
github.com/stretchr/testify v1.8.0 h1:pSgiaMZlXftHpm5L7V1+rVB+AZJydKsMxsQBIJw4PKk=
go.uber.org/atomic v1.6.0 h1:Ezj3JGmsOnG1MoRWQkPBsKLe9DwWD9QeXzTRzzldNVk=
go.uber.org/multierr v1.5.0 h1:KCa4XfM8CWFCpxXRGok+Q0SS/0XBhMDbHHGABQLvD2A=
go.uber.org/tools v0.0.0-20190618225709-2cfd321de3ee h1:0mgffUl7nfd+FpvXMVz4IDEaUSmT1ysygQC7qYo7sG4=
go.uber.org/zap v1.13.0 h1:nR6NoDBgAf67s68NhaXbsojM+2gxp3S1hWkHDl27pVU=
golang.org/x/crypto v0.0.0-20221005025214-4161e89ecf1b h1:huxqepDufQpLLIRXiVkTvnxrzJlpwmIWAObmcCcUFr0=
golang.org/x/lint v0.0.0-20190930215403-16217165b5de h1:5hukYrvBGR8/eNkX5mdUezrA6JiaEZDtJb9Ei+1LlBs=
golang.org/x/mod v0.8.0 h1:LUYupSeNrTNCGzR/hVBk2NHZO4hXcVaW1k4Qx7rjPx8=
golang.org/x/net v0.8.0 h1:Zrh2ngAOFYneWTAIAPethzeaQLuHwhuBkuV6ZiRnUaQ=
golang.org/x/sync v0.1.0 h1:wsuoTGHzEhffawBOhz5CYhcrV4IdKZbEyZjBMuTp12o=
golang.org/x/sys v0.6.0 h1:MVltZSvRTcU2ljQOhs94SXPftV6DCNnZViHeQps87pQ=
golang.org/x/text v0.8.0 h1:57P1ETyNKtuIjB4SRd15iJxuhj8Gc416Y78H3qgMh68=
golang.org/x/tools v0.6.0 h1:BOw41kyTf3PuCW1pVQf8+Cyg8pMlkYB1oo9iJ6D/lKM=
google.golang.org/genproto/googleapis/rpc v0.0.0-20230525234030-28d5490b6b19 h1:0nDDozoAU19Qb2HwhXadU8OcsiO/09cnTqhUtq2MEOM=
google.golang.org/grpc v1.55.0 h1:3Oj82/tFSCeUrRTg/5E/7d/W5A1tj6Ky1ABAuZuv5ag=
google.golang.org/protobuf v1.30.0 h1:kPPoIgf3TsEvrm0PFe15JQ+570QVxYzEvvHqChK+cng=
gopkg.in/check.v1 v0.0.0-20161208181325-20d25e280405/go.mod h1:Co6ibVJAznAaIkqp8huTwlJQCZ016jof/cbN4VW5Yz0=
gopkg.in/yaml.v3 v3.0.0-20200313102051-9f266ea9e77c/go.mod h1:K4uyk7z7BCEPqu6E+C64Yfv1cQ7kz7rIZviUmN+EgEM=
gopkg.in/yaml.v3 v3.0.1 h1:fxVm/GzAzEWqLHuvctI91KS9hhNmmWOoWu0XTYJS7CA=
gorm.io/datatypes v1.1.1-0.20230130040222-c43177d3cf8c h1:jWdr7cHgl8c/ua5vYbR2WhSp+NQmzhsj0xoY3foTzW8=
gorm.io/datatypes v1.1.1-0.20230130040222-c43177d3cf8c/go.mod h1:SH2K9R+2RMjuX1CkCONrPwoe9JzVv2hkQvEu4bXGojE=
gorm.io/driver/mysql v1.4.3/go.mod h1:sSIebwZAVPiT+27jK9HIwvsqOGKx3YMPmrA3mBJR10c=
gorm.io/driver/mysql v1.4.4 h1:MX0K9Qvy0Na4o7qSC/YI7XxqUw5KDw01umqgID+svdQ=
gorm.io/driver/mysql v1.4.4/go.mod h1:BCg8cKI+R0j/rZRQxeKis/forqRwRSYOR8OM3Wo6hOM=
gorm.io/driver/postgres v1.4.5 h1:mTeXTTtHAgnS9PgmhN2YeUbazYpLhUI1doLnw42XUZc=
gorm.io/driver/sqlite v1.1.6/go.mod h1:W8LmC/6UvVbHKah0+QOC7Ja66EaZXHwUTjgXY8YNWX8=
gorm.io/driver/sqlite v1.5.1 h1:hYyrLkAWE71bcarJDPdZNTLWtr8XrSjOWyjUYI6xdL4=
gorm.io/driver/sqlite v1.5.1/go.mod h1:7MZZ2Z8bqyfSQA1gYEV6MagQWj3cpUkJj9Z+d1HEMEQ=
gorm.io/driver/sqlserver v1.4.1 h1:t4r4r6Jam5E6ejqP7N82qAJIJAht27EGT41HyPfXRw0=
gorm.io/gen v0.3.22 h1:K7u5tCyaZfe1cbQFD8N2xrTqUuqximNFSRl7zOFPq+M=
gorm.io/gen v0.3.22/go.mod h1:dQcELeF/7Kf82M6AQF+O/rKT5r1sjv49TlGz0cerPn4=
gorm.io/gorm v1.21.15/go.mod h1:F+OptMscr0P2F2qU97WT1WimdH9GaQPoDW7AYd5i2Y0=
gorm.io/gorm v1.22.2/go.mod h1:F+OptMscr0P2F2qU97WT1WimdH9GaQPoDW7AYd5i2Y0=
gorm.io/gorm v1.23.8/go.mod h1:l2lP/RyAtc1ynaTjFksBde/O8v9oOGIApu2/xRitmZk=
gorm.io/gorm v1.24.3/go.mod h1:DVrVomtaYTbqs7gB/x2uVvqnXzv0nqjB396B8cG4dBA=
gorm.io/gorm v1.25.1 h1:nsSALe5Pr+cM3V1qwwQ7rOkw+6UeLrX5O4v3llhHa64=
gorm.io/gorm v1.25.1/go.mod h1:L4uxeKpfBml98NYqVqwAdmV1a2nBtAec/cf3fpucW/k=
gorm.io/hints v1.1.0 h1:Lp4z3rxREufSdxn4qmkK3TLDltrM10FLTHiuqwDPvXw=
gorm.io/hints v1.1.0/go.mod h1:lKQ0JjySsPBj3uslFzY3JhYDtqEwzm+G1hv8rWujB6Y=
gorm.io/plugin/dbresolver v1.4.1 h1:Ug4LcoPhrvqq71UhxtF346f+skTYoCa/nEsdjvHwEzk=
gorm.io/plugin/dbresolver v1.4.1/go.mod h1:CTbCtMWhsjXSiJqiW2R8POvJ2cq18RVOl4WGyT5nhNc=
honnef.co/go/tools v0.0.1-2019.2.3 h1:3JgtbtFHMiCmsznwGVTUWbgGov+pVqnlf1dEJTNAXeM=
